
Microsoft Visual Studio Solution File, Format Version 12.00
# Visual Studio Version 17
VisualStudioVersion = 17.14.37516.0
MinimumVisualStudioVersion = 10.0.40219.1
Project("{FAE04EC0-301F-11D3-BF4B-00C04F79EFBC}") = "JopBoard.API", "JopBoard.API.csproj", "{6FF5FFBD-983C-4EE2-A5D9-55812CE0CF6E}"
EndProject
Project("{FAE04EC0-301F-11D3-BF4B-00C04F79EFBC}") = "JopBoard.Application", "..\JobBoard.Application\JopBoard.Application.csproj", "{80872700-CEDE-88D6-E166-95DBCC365C3F}"
EndProject
Project("{FAE04EC0-301F-11D3-BF4B-00C04F79EFBC}") = "JopBoard.Infrastructure", "..\JobBoard.Infrastructure\JopBoard.Infrastructure.csproj", "{A4E035C3-8E95-0E98-8D8B-C9C51330DC16}"
EndProject
Project("{FAE04EC0-301F-11D3-BF4B-00C04F79EFBC}") = "JopBoard.Domain", "..\JobBoard.Domain\JopBoard.Domain.csproj", "{C7DEE252-93DE-833F-C02B-3B58C3790DBF}"
EndProject
Global
	GlobalSection(SolutionConfigurationPlatforms) = preSolution
		Debug|Any CPU = Debug|Any CPU
		Release|Any CPU = Release|Any CPU
	EndGlobalSection
	GlobalSection(ProjectConfigurationPlatforms) = postSolution
		{6FF5FFBD-983C-4EE2-A5D9-55812CE0CF6E}.Debug|Any CPU.ActiveCfg = Debug|Any CPU
		{6FF5FFBD-983C-4EE2-A5D9-55812CE0CF6E}.Debug|Any CPU.Build.0 = Debug|Any CPU
		{6FF5FFBD-983C-4EE2-A5D9-55812CE0CF6E}.Release|Any CPU.ActiveCfg = Release|Any CPU
		{6FF5FFBD-983C-4EE2-A5D9-55812CE0CF6E}.Release|Any CPU.Build.0 = Release|Any CPU
		{80872700-CEDE-88D6-E166-95DBCC365C3F}.Debug|Any CPU.ActiveCfg = Debug|Any CPU
		{80872700-CEDE-88D6-E166-95DBCC365C3F}.Debug|Any CPU.Build.0 = Debug|Any CPU
		{80872700-CEDE-88D6-E166-95DBCC365C3F}.Release|Any CPU.ActiveCfg = Release|Any CPU
		{80872700-CEDE-88D6-E166-95DBCC365C3F}.Release|Any CPU.Build.0 = Release|Any CPU
		{A4E035C3-8E95-0E98-8D8B-C9C51330DC16}.Debug|Any CPU.ActiveCfg = Debug|Any CPU
		{A4E035C3-8E95-0E98-8D8B-C9C51330DC16}.Debug|Any CPU.Build.0 = Debug|Any CPU
		{A4E035C3-8E95-0E98-8D8B-C9C51330DC16}.Release|Any CPU.ActiveCfg = Release|Any CPU
		{A4E035C3-8E95-0E98-8D8B-C9C51330DC16}.Release|Any CPU.Build.0 = Release|Any CPU
		{C7DEE252-93DE-833F-C02B-3B58C3790DBF}.Debug|Any CPU.ActiveCfg = Debug|Any CPU
		{C7DEE252-93DE-833F-C02B-3B58C3790DBF}.Debug|Any CPU.Build.0 = Debug|Any CPU
		{C7DEE252-93DE-833F-C02B-3B58C3790DBF}.Release|Any CPU.ActiveCfg = Release|Any CPU
		{C7DEE252-93DE-833F-C02B-3B58C3790DBF}.Release|Any CPU.Build.0 = Release|Any CPU
	EndGlobalSection
	GlobalSection(SolutionProperties) = preSolution
		HideSolutionNode = FALSE
	EndGlobalSection
	GlobalSection(ExtensibilityGlobals) = postSolution
		SolutionGuid = {96CA5C2D-C484-4691-8ECC-E4047F1457B9}
	EndGlobalSection
EndGlobal
